
Microsoft Visual Studio Solution File, Format Version 12.00
# Visual Studio Version 16
VisualStudioVersion = 16.0.29020.237
MinimumVisualStudioVersion = 10.0.40219.1
Project("{FAE04EC0-301F-11D3-BF4B-00C04F79EFBC}") = "GraphQLTodoApp.Api", "GraphQLTodoApp.Api\GraphQLTodoApp.Api.csproj", "{3D6DFC94-3904-49C9-BE0B-4C59FC6FF33C}"
EndProject
Project("{FAE04EC0-301F-11D3-BF4B-00C04F79EFBC}") = "GraphQLTodoApp.DataAccess", "GraphQLTodoApp.DataAccess\GraphQLTodoApp.DataAccess.csproj", "{43EC9AC2-510F-403F-95CD-05EC488DDD56}"
EndProject
Global
	GlobalSection(SolutionConfigurationPlatforms) = preSolution
		Debug|Any CPU = Debug|Any CPU
		Release|Any CPU = Release|Any CPU
	EndGlobalSection
	GlobalSection(ProjectConfigurationPlatforms) = postSolution
		{3D6DFC94-3904-49C9-BE0B-4C59FC6FF33C}.Debug|Any CPU.ActiveCfg = Debug|Any CPU
		{3D6DFC94-3904-49C9-BE0B-4C59FC6FF33C}.Debug|Any CPU.Build.0 = Debug|Any CPU
		{3D6DFC94-3904-49C9-BE0B-4C59FC6FF33C}.Release|Any CPU.ActiveCfg = Release|Any CPU
		{3D6DFC94-3904-49C9-BE0B-4C59FC6FF33C}.Release|Any CPU.Build.0 = Release|Any CPU
		{43EC9AC2-510F-403F-95CD-05EC488DDD56}.Debug|Any CPU.ActiveCfg = Debug|Any CPU
		{43EC9AC2-510F-403F-95CD-05EC488DDD56}.Debug|Any CPU.Build.0 = Debug|Any CPU
		{43EC9AC2-510F-403F-95CD-05EC488DDD56}.Release|Any CPU.ActiveCfg = Release|Any CPU
		{43EC9AC2-510F-403F-95CD-05EC488DDD56}.Release|Any CPU.Build.0 = Release|Any CPU
	EndGlobalSection
	GlobalSection(SolutionProperties) = preSolution
		HideSolutionNode = FALSE
	EndGlobalSection
	GlobalSection(ExtensibilityGlobals) = postSolution
		SolutionGuid = {7845F1AA-FF64-4D29-84EB-812F9EE97E51}
	EndGlobalSection
EndGlobal
